// !$*UTF8*$!
{
	archiveVersion = 1;
	classes = {
	};
	objectVersion = 46;
	objects = {

/* Begin PBXBuildFile section */
		C11F32081A4160DF00B528E5 /* OpenSans-Light.ttf in Resources */ = {isa = PBXBuildFile; fileRef = C11F32071A4160DF00B528E5 /* OpenSans-Light.ttf */; };
		C1C66B971A41376F00C592EB /* AppDelegate.swift in Sources */ = {isa = PBXBuildFile; fileRef = C1C66B961A41376F00C592EB /* AppDelegate.swift */; };
		C1C66B991A41376F00C592EB /* ViewController.swift in Sources */ = {isa = PBXBuildFile; fileRef = C1C66B981A41376F00C592EB /* ViewController.swift */; };
		C1C66B9C1A41376F00C592EB /* Main.storyboard in Resources */ = {isa = PBXBuildFile; fileRef = C1C66B9A1A41376F00C592EB /* Main.storyboard */; };
		C1C66B9E1A41376F00C592EB /* Images.xcassets in Resources */ = {isa = PBXBuildFile; fileRef = C1C66B9D1A41376F00C592EB /* Images.xcassets */; };
		C1C66BA11A41376F00C592EB /* LaunchScreen.xib in Resources */ = {isa = PBXBuildFile; fileRef = C1C66B9F1A41376F00C592EB /* LaunchScreen.xib */; };
		C1C66BAD1A41376F00C592EB /* ColorClockTests.swift in Sources */ = {isa = PBXBuildFile; fileRef = C1C66BAC1A41376F00C592EB /* ColorClockTests.swift */; };
		C1C66BB71A414CBB00C592EB /* UIColorExtension.swift in Sources */ = {isa = PBXBuildFile; fileRef = C1C66BB61A414CBB00C592EB /* UIColorExtension.swift */; };
/* End PBXBuildFile section */

/* Begin PBXContainerItemProxy section */
		C1C66BA71A41376F00C592EB /* PBXContainerItemProxy */ = {
			isa = PBXContainerItemProxy;
			containerPortal = C1C66B891A41376F00C592EB /* Project object */;
			proxyType = 1;
			remoteGlobalIDString = C1C66B901A41376F00C592EB;
			remoteInfo = ColorClock;
		};
/* End PBXContainerItemProxy section */

/* Begin PBXFileReference section */
		C11F32071A4160DF00B528E5 /* OpenSans-Light.ttf */ = {isa = PBXFileReference; lastKnownFileType = file; path = "OpenSans-Light.ttf"; sourceTree = "<group>"; };
		C1C66B911A41376F00C592EB /* ColorClock.app */ = {isa = PBXFileReference; explicitFileType = wrapper.application; includeInIndex = 0; path = ColorClock.app; sourceTree = BUILT_PRODUCTS_DIR; };
		C1C66B951A41376F00C592EB /* Info.plist */ = {isa = PBXFileReference; lastKnownFileType = text.plist.xml; path = Info.plist; sourceTree = "<group>"; };
		C1C66B961A41376F00C592EB /* AppDelegate.swift */ = {isa = PBXFileReference; lastKnownFileType = sourcecode.swift; path = AppDelegate.swift; sourceTree = "<group>"; };
		C1C66B981A41376F00C592EB /* ViewController.swift */ = {isa = PBXFileReference; lastKnownFileType = sourcecode.swift; path = ViewController.swift; sourceTree = "<group>"; };
		C1C66B9B1A41376F00C592EB /* Base */ = {isa = PBXFileReference; lastKnownFileType = file.storyboard; name = Base; path = Base.lproj/Main.storyboard; sourceTree = "<group>"; };
		C1C66B9D1A41376F00C592EB /* Images.xcassets */ = {isa = PBXFileReference; lastKnownFileType = folder.assetcatalog; path = Images.xcassets; sourceTree = "<group>"; };
		C1C66BA01A41376F00C592EB /* Base */ = {isa = PBXFileReference; lastKnownFileType = file.xib; name = Base; path = Base.lproj/LaunchScreen.xib; sourceTree = "<group>"; };
		C1C66BA61A41376F00C592EB /* ColorClockTests.xctest */ = {isa = PBXFileReference; explicitFileType = wrapper.cfbundle; includeInIndex = 0; path = ColorClockTests.xctest; sourceTree = BUILT_PRODUCTS_DIR; };
		C1C66BAB1A41376F00C592EB /* Info.plist */ = {isa = PBXFileReference; lastKnownFileType = text.plist.xml; path = Info.plist; sourceTree = "<group>"; };
		C1C66BAC1A41376F00C592EB /* ColorClockTests.swift */ = {isa = PBXFileReference; lastKnownFileType = sourcecode.swift; path = ColorClockTests.swift; sourceTree = "<group>"; };
		C1C66BB61A414CBB00C592EB /* UIColorExtension.swift */ = {isa = PBXFileReference; fileEncoding = 4; lastKnownFileType = sourcecode.swift; path = UIColorExtension.swift; sourceTree = "<group>"; };
/* End PBXFileReference section */

/* Begin PBXFrameworksBuildPhase section */
		C1C66B8E1A41376F00C592EB /* Frameworks */ = {
			isa = PBXFrameworksBuildPhase;
			buildActionMask = 2147483647;
			files = (
			);
			runOnlyForDeploymentPostprocessing = 0;
		};
		C1C66BA31A41376F00C592EB /* Frameworks */ = {
			isa = PBXFrameworksBuildPhase;
			buildActionMask = 2147483647;
			files = (
			);
			runOnlyForDeploymentPostprocessing = 0;
		};
/* End PBXFrameworksBuildPhase section */

/* Begin PBXGroup section */
		C1C66B881A41376F00C592EB = {
			isa = PBXGroup;
			children = (
				C1C66B931A41376F00C592EB /* ColorClock */,
				C1C66BA91A41376F00C592EB /* ColorClockTests */,
				C1C66B921A41376F00C592EB /* Products */,
			);
			sourceTree = "<group>";
		};
		C1C66B921A41376F00C592EB /* Products */ = {
			isa = PBXGroup;
			children = (
				C1C66B911A41376F00C592EB /* ColorClock.app */,
				C1C66BA61A41376F00C592EB /* ColorClockTests.xctest */,
			);
			name = Products;
			sourceTree = "<group>";
		};
		C1C66B931A41376F00C592EB /* ColorClock */ = {
			isa = PBXGroup;
			children = (
				C1C66BB61A414CBB00C592EB /* UIColorExtension.swift */,
				C1C66B961A41376F00C592EB /* AppDelegate.swift */,
				C1C66B981A41376F00C592EB /* ViewController.swift */,
				C1C66B9A1A41376F00C592EB /* Main.storyboard */,
				C1C66B9F1A41376F00C592EB /* LaunchScreen.xib */,
				C1C66B9D1A41376F00C592EB /* Images.xcassets */,
				C1C66B941A41376F00C592EB /* Supporting Files */,
			);
			path = ColorClock;
			sourceTree = "<group>";
		};
		C1C66B941A41376F00C592EB /* Supporting Files */ = {
			isa = PBXGroup;
			children = (
				C11F32071A4160DF00B528E5 /* OpenSans-Light.ttf */,
				C1C66B951A41376F00C592EB /* Info.plist */,
			);
			name = "Supporting Files";
			sourceTree = "<group>";
		};
		C1C66BA91A41376F00C592EB /* ColorClockTests */ = {
			isa = PBXGroup;
			children = (
				C1C66BAC1A41376F00C592EB /* ColorClockTests.swift */,
				C1C66BAA1A41376F00C592EB /* Supporting Files */,
			);
			path = ColorClockTests;
			sourceTree = "<group>";
		};
		C1C66BAA1A41376F00C592EB /* Supporting Files */ = {
			isa = PBXGroup;
			children = (
				C1C66BAB1A41376F00C592EB /* Info.plist */,
			);
			name = "Supporting Files";
			sourceTree = "<group>";
		};
/* End PBXGroup section */

/* Begin PBXNativeTarget section */
		C1C66B901A41376F00C592EB /* ColorClock */ = {
			isa = PBXNativeTarget;
			buildConfigurationList = C1C66BB01A41376F00C592EB /* Build configuration list for PBXNativeTarget "ColorClock" */;
			buildPhases = (
				C1C66B8D1A41376F00C592EB /* Sources */,
				C1C66B8E1A41376F00C592EB /* Frameworks */,
				C1C66B8F1A41376F00C592EB /* Resources */,
			);
			buildRules = (
			);
			dependencies = (
			);
			name = ColorClock;
			productName = ColorClock;
			productReference = C1C66B911A41376F00C592EB /* ColorClock.app */;
			productType = "com.apple.product-type.application";
		};
		C1C66BA51A41376F00C592EB /* ColorClockTests */ = {
			isa = PBXNativeTarget;
			buildConfigurationList = C1C66BB31A41376F00C592EB /* Build configuration list for PBXNativeTarget "ColorClockTests" */;
			buildPhases = (
				C1C66BA21A41376F00C592EB /* Sources */,
				C1C66BA31A41376F00C592EB /* Frameworks */,
				C1C66BA41A41376F00C592EB /* Resources */,
			);
			buildRules = (
			);
			dependencies = (
				C1C66BA81A41376F00C592EB /* PBXTargetDependency */,
			);
			name = ColorClockTests;
			productName = ColorClockTests;
			productReference = C1C66BA61A41376F00C592EB /* ColorClockTests.xctest */;
			productType = "com.apple.product-type.bundle.unit-test";
		};
/* End PBXNativeTarget section */

/* Begin PBXProject section */
		C1C66B891A41376F00C592EB /* Project object */ = {
			isa = PBXProject;
			attributes = {
				LastUpgradeCheck = 0610;
				ORGANIZATIONNAME = Pete;
				TargetAttributes = {
					C1C66B901A41376F00C592EB = {
						CreatedOnToolsVersion = 6.1.1;
					};
					C1C66BA51A41376F00C592EB = {
						CreatedOnToolsVersion = 6.1.1;
						TestTargetID = C1C66B901A41376F00C592EB;
					};
				};
			};
			buildConfigurationList = C1C66B8C1A41376F00C592EB /* Build configuration list for PBXProject "ColorClock" */;
			compatibilityVersion = "Xcode 3.2";
			developmentRegion = English;
			hasScannedForEncodings = 0;
			knownRegions = (
				en,
				Base,
			);
			mainGroup = C1C66B881A41376F00C592EB;
			productRefGroup = C1C66B921A41376F00C592EB /* Products */;
			projectDirPath = "";
			projectRoot = "";
			targets = (
				C1C66B901A41376F00C592EB /* ColorClock */,
				C1C66BA51A41376F00C592EB /* ColorClockTests */,
			);
		};
/* End PBXProject section */

/* Begin PBXResourcesBuildPhase section */
		C1C66B8F1A41376F00C592EB /* Resources */ = {
			isa = PBXResourcesBuildPhase;
			buildActionMask = 2147483647;
			files = (
				C1C66B9C1A41376F00C592EB /* Main.storyboard in Resources */,
				C1C66BA11A41376F00C592EB /* LaunchScreen.xib in Resources */,
				C11F32081A4160DF00B528E5 /* OpenSans-Light.ttf in Resources */,
				C1C66B9E1A41376F00C592EB /* Images.xcassets in Resources */,
			);
			runOnlyForDeploymentPostprocessing = 0;
		};
		C1C66BA41A41376F00C592EB /* Resources */ = {
			isa = PBXResourcesBuildPhase;
			buildActionMask = 2147483647;
			files = (
			);
			runOnlyForDeploymentPostprocessing = 0;
		};
/* End PBXResourcesBuildPhase section */

/* Begin PBXSourcesBuildPhase section */
		C1C66B8D1A41376F00C592EB /* Sources */ = {
			isa = PBXSourcesBuildPhase;
			buildActionMask = 2147483647;
			files = (
				C1C66B991A41376F00C592EB /* ViewController.swift in Sources */,
				C1C66B971A41376F00C592EB /* AppDelegate.swift in Sources */,
				C1C66BB71A414CBB00C592EB /* UIColorExtension.swift in Sources */,
			);
			runOnlyForDeploymentPostprocessing = 0;
		};
		C1C66BA21A41376F00C592EB /* Sources */ = {
			isa = PBXSourcesBuildPhase;
			buildActionMask = 2147483647;
			files = (
				C1C66BAD1A41376F00C592EB /* ColorClockTests.swift in Sources */,
			);
			runOnlyForDeploymentPostprocessing = 0;
		};
/* End PBXSourcesBuildPhase section */

/* Begin PBXTargetDependency section */
		C1C66BA81A41376F00C592EB /* PBXTargetDependency */ = {
			isa = PBXTargetDependency;
			target = C1C66B901A41376F00C592EB /* ColorClock */;
			targetProxy = C1C66BA71A41376F00C592EB /* PBXContainerItemProxy */;
		};
/* End PBXTargetDependency section */

/* Begin PBXVariantGroup section */
		C1C66B9A1A41376F00C592EB /* Main.storyboard */ = {
			isa = PBXVariantGroup;
			children = (
				C1C66B9B1A41376F00C592EB /* Base */,
			);
			name = Main.storyboard;
			sourceTree = "<group>";
		};
		C1C66B9F1A41376F00C592EB /* LaunchScreen.xib */ = {
			isa = PBXVariantGroup;
			children = (
				C1C66BA01A41376F00C592EB /* Base */,
			);
			name = LaunchScreen.xib;
			sourceTree = "<group>";
		};
/* End PBXVariantGroup section */

/* Begin XCBuildConfiguration section */
		C1C66BAE1A41376F00C592EB /* Debug */ = {
			isa = XCBuildConfiguration;
			buildSettings = {
				ALWAYS_SEARCH_USER_PATHS = NO;
				CLANG_CXX_LANGUAGE_STANDARD = "gnu++0x";
				CLANG_CXX_LIBRARY = "libc++";
				CLANG_ENABLE_MODULES = YES;
				CLANG_ENABLE_OBJC_ARC = YES;
				CLANG_WARN_BOOL_CONVERSION = YES;
				CLANG_WARN_CONSTANT_CONVERSION = YES;
				CLANG_WARN_DIRECT_OBJC_ISA_USAGE = YES_ERROR;
				CLANG_WARN_EMPTY_BODY = YES;
				CLANG_WARN_ENUM_CONVERSION = YES;
				CLANG_WARN_INT_CONVERSION = YES;
				CLANG_WARN_OBJC_ROOT_CLASS = YES_ERROR;
				CLANG_WARN_UNREACHABLE_CODE = YES;
				CLANG_WARN__DUPLICATE_METHOD_MATCH = YES;
				"CODE_SIGN_IDENTITY[sdk=iphoneos*]" = "iPhone Developer";
				COPY_PHASE_STRIP = NO;
				ENABLE_STRICT_OBJC_MSGSEND = YES;
				GCC_C_LANGUAGE_STANDARD = gnu99;
				GCC_DYNAMIC_NO_PIC = NO;
				GCC_OPTIMIZATION_LEVEL = 0;
				GCC_PREPROCESSOR_DEFINITIONS = (
					"DEBUG=1",
					"$(inherited)",
				);
				GCC_SYMBOLS_PRIVATE_EXTERN = NO;
				GCC_WARN_64_TO_32_BIT_CONVERSION = YES;
				GCC_WARN_ABOUT_RETURN_TYPE = YES_ERROR;
				GCC_WARN_UNDECLARED_SELECTOR = YES;
				GCC_WARN_UNINITIALIZED_AUTOS = YES_AGGRESSIVE;
				GCC_WARN_UNUSED_FUNCTION = YES;
				GCC_WARN_UNUSED_VARIABLE = YES;
				IPHONEOS_DEPLOYMENT_TARGET = 8.1;
				MTL_ENABLE_DEBUG_INFO = YES;
				ONLY_ACTIVE_ARCH = YES;
				SDKROOT = iphoneos;
				SWIFT_OPTIMIZATION_LEVEL = "-Onone";
			};
			name = Debug;
		};
		C1C66BAF1A41376F00C592EB /* Release */ = {
			isa = XCBuildConfiguration;
			buildSettings = {
				ALWAYS_SEARCH_USER_PATHS = NO;
				CLANG_CXX_LANGUAGE_STANDARD = "gnu++0x";
				CLANG_CXX_LIBRARY = "libc++";
				CLANG_ENABLE_MODULES = YES;
				CLANG_ENABLE_OBJC_ARC = YES;
				CLANG_WARN_BOOL_CONVERSION = YES;
				CLANG_WARN_CONSTANT_CONVERSION = YES;
				CLANG_WARN_DIRECT_OBJC_ISA_USAGE = YES_ERROR;
				CLANG_WARN_EMPTY_BODY = YES;
				CLANG_WARN_ENUM_CONVERSION = YES;
				CLANG_WARN_INT_CONVERSION = YES;
				CLANG_WARN_OBJC_ROOT_CLASS = YES_ERROR;
				CLANG_WARN_UNREACHABLE_CODE = YES;
				CLANG_WARN__DUPLICATE_METHOD_MATCH = YES;
				"CODE_SIGN_IDENTITY[sdk=iphoneos*]" = "iPhone Developer";
				COPY_PHASE_STRIP = YES;
				ENABLE_NS_ASSERTIONS = NO;
				ENABLE_STRICT_OBJC_MSGSEND = YES;
				GCC_C_LANGUAGE_STANDARD = gnu99;
				GCC_WARN_64_TO_32_BIT_CONVERSION = YES;
				GCC_WARN_ABOUT_RETURN_TYPE = YES_ERROR;
				GCC_WARN_UNDECLARED_SELECTOR = YES;
				GCC_WARN_UNINITIALIZED_AUTOS = YES_AGGRESSIVE;
				GCC_WARN_UNUSED_FUNCTION = YES;
				GCC_WARN_UNUSED_VARIABLE = YES;
				IPHONEOS_DEPLOYMENT_TARGET = 8.1;
				MTL_ENABLE_DEBUG_INFO = NO;
				SDKROOT = iphoneos;
				VALIDATE_PRODUCT = YES;
			};
			name = Release;
		};
		C1C66BB11A41376F00C592EB /* Debug */ = {
			isa = XCBuildConfiguration;
			buildSettings = {
				ASSETCATALOG_COMPILER_APPICON_NAME = AppIcon;
				INFOPLIST_FILE = ColorClock/Info.plist;
				LD_RUNPATH_SEARCH_PATHS = "$(inherited) @executable_path/Frameworks";
				PRODUCT_NAME = "$(TARGET_NAME)";
				PROVISIONING_PROFILE = "c14a3271-27a7-4779-a47c-a9241b74ebcc";
			};
			name = Debug;
		};
		C1C66BB21A41376F00C592EB /* Release */ = {
			isa = XCBuildConfiguration;
			buildSettings = {
				ASSETCATALOG_COMPILER_APPICON_NAME = AppIcon;
				INFOPLIST_FILE = ColorClock/Info.plist;
				LD_RUNPATH_SEARCH_PATHS = "$(inherited) @executable_path/Frameworks";
				PRODUCT_NAME = "$(TARGET_NAME)";
				PROVISIONING_PROFILE = "c14a3271-27a7-4779-a47c-a9241b74ebcc";
			};
			name = Release;
		};
		C1C66BB41A41376F00C592EB /* Debug */ = {
			isa = XCBuildConfiguration;
			buildSettings = {
				BUNDLE_LOADER = "$(TEST_HOST)";
				FRAMEWORK_SEARCH_PATHS = (
					"$(SDKROOT)/Developer/Library/Frameworks",
					"$(inherited)",
				);
				GCC_PREPROCESSOR_DEFINITIONS = (
					"DEBUG=1",
					"$(inherited)",
				);
				INFOPLIST_FILE = ColorClockTests/Info.plist;
				LD_RUNPATH_SEARCH_PATHS = "$(inherited) @executable_path/Frameworks @loader_path/Frameworks";
				PRODUCT_NAME = "$(TARGET_NAME)";
				TEST_HOST = "$(BUILT_PRODUCTS_DIR)/ColorClock.app/ColorClock";
			};
			name = Debug;
		};
		C1C66BB51A41376F00C592EB /* Release */ = {
			isa = XCBuildConfiguration;
			buildSettings = {
				BUNDLE_LOADER = "$(TEST_HOST)";
				FRAMEWORK_SEARCH_PATHS = (
					"$(SDKROOT)/Developer/Library/Frameworks",
					"$(inherited)",
				);
				INFOPLIST_FILE = ColorClockTests/Info.plist;
				LD_RUNPATH_SEARCH_PATHS = "$(inherited) @executable_path/Frameworks @loader_path/Frameworks";
				PRODUCT_NAME = "$(TARGET_NAME)";
				TEST_HOST = "$(BUILT_PRODUCTS_DIR)/ColorClock.app/ColorClock";
			};
			name = Release;
		};
/* End XCBuildConfiguration section */

/* Begin XCConfigurationList section */
		C1C66B8C1A41376F00C592EB /* Build configuration list for PBXProject "ColorClock" */ = {
			isa = XCConfigurationList;
			buildConfigurations = (
				C1C66BAE1A41376F00C592EB /* Debug */,
				C1C66BAF1A41376F00C592EB /* Release */,
			);
			defaultConfigurationIsVisible = 0;
			defaultConfigurationName = Release;
		};
		C1C66BB01A41376F00C592EB /* Build configuration list for PBXNativeTarget "ColorClock" */ = {
			isa = XCConfigurationList;
			buildConfigurations = (
				C1C66BB11A41376F00C592EB /* Debug */,
				C1C66BB21A41376F00C592EB /* Release */,
			);
			defaultConfigurationIsVisible = 0;
			defaultConfigurationName = Release;
		};
		C1C66BB31A41376F00C592EB /* Build configuration list for PBXNativeTarget "ColorClockTests" */ = {
			isa = XCConfigurationList;
			buildConfigurations = (
				C1C66BB41A41376F00C592EB /* Debug */,
				C1C66BB51A41376F00C592EB /* Release */,
			);
			defaultConfigurationIsVisible = 0;
			defaultConfigurationName = Release;
		};
/* End XCConfigurationList section */
	};
	rootObject = C1C66B891A41376F00C592EB /* Project object */;
}
